// !$*UTF8*$!
{
	archiveVersion = 1;
	classes = {
	};
	objectVersion = 55;
	objects = {

/* Begin PBXBuildFile section */
		45ACE5832855B5BB00B59DB1 /* AppDelegate.swift in Sources */ = {isa = PBXBuildFile; fileRef = 45ACE5822855B5BB00B59DB1 /* AppDelegate.swift */; };
		45ACE5852855B5BB00B59DB1 /* SceneDelegate.swift in Sources */ = {isa = PBXBuildFile; fileRef = 45ACE5842855B5BB00B59DB1 /* SceneDelegate.swift */; };
		45ACE5872855B5BB00B59DB1 /* ViewController.swift in Sources */ = {isa = PBXBuildFile; fileRef = 45ACE5862855B5BB00B59DB1 /* ViewController.swift */; };
		45ACE58A2855B5BB00B59DB1 /* Main.storyboard in Resources */ = {isa = PBXBuildFile; fileRef = 45ACE5882855B5BB00B59DB1 /* Main.storyboard */; };
		45ACE58C2855B5C000B59DB1 /* Assets.xcassets in Resources */ = {isa = PBXBuildFile; fileRef = 45ACE58B2855B5C000B59DB1 /* Assets.xcassets */; };
		45ACE58F2855B5C000B59DB1 /* LaunchScreen.storyboard in Resources */ = {isa = PBXBuildFile; fileRef = 45ACE58D2855B5C000B59DB1 /* LaunchScreen.storyboard */; };
		4DAD02EA3123047E22E13101 /* Pods_MyAddmobTest.framework in Frameworks */ = {isa = PBXBuildFile; fileRef = 87E4CA61C3669E4E8A7140C4 /* Pods_MyAddmobTest.framework */; };
/* End PBXBuildFile section */

/* Begin PBXFileReference section */
		0F21005043A7A6508EFE54C9 /* Pods-MyAddmobTest.debug.xcconfig */ = {isa = PBXFileReference; includeInIndex = 1; lastKnownFileType = text.xcconfig; name = "Pods-MyAddmobTest.debug.xcconfig"; path = "Target Support Files/Pods-MyAddmobTest/Pods-MyAddmobTest.debug.xcconfig"; sourceTree = "<group>"; };
		273E8464D6B0BD9C41B53B84 /* Pods-MyAddmobTest.release.xcconfig */ = {isa = PBXFileReference; includeInIndex = 1; lastKnownFileType = text.xcconfig; name = "Pods-MyAddmobTest.release.xcconfig"; path = "Target Support Files/Pods-MyAddmobTest/Pods-MyAddmobTest.release.xcconfig"; sourceTree = "<group>"; };
		45ACE57F2855B5BB00B59DB1 /* MyAddmobTest.app */ = {isa = PBXFileReference; explicitFileType = wrapper.application; includeInIndex = 0; path = MyAddmobTest.app; sourceTree = BUILT_PRODUCTS_DIR; };
		45ACE5822855B5BB00B59DB1 /* AppDelegate.swift */ = {isa = PBXFileReference; lastKnownFileType = sourcecode.swift; path = AppDelegate.swift; sourceTree = "<group>"; };
		45ACE5842855B5BB00B59DB1 /* SceneDelegate.swift */ = {isa = PBXFileReference; lastKnownFileType = sourcecode.swift; path = SceneDelegate.swift; sourceTree = "<group>"; };
		45ACE5862855B5BB00B59DB1 /* ViewController.swift */ = {isa = PBXFileReference; lastKnownFileType = sourcecode.swift; path = ViewController.swift; sourceTree = "<group>"; };
		45ACE5892855B5BB00B59DB1 /* Base */ = {isa = PBXFileReference; lastKnownFileType = file.storyboard; name = Base; path = Base.lproj/Main.storyboard; sourceTree = "<group>"; };
		45ACE58B2855B5C000B59DB1 /* Assets.xcassets */ = {isa = PBXFileReference; lastKnownFileType = folder.assetcatalog; path = Assets.xcassets; sourceTree = "<group>"; };
		45ACE58E2855B5C000B59DB1 /* Base */ = {isa = PBXFileReference; lastKnownFileType = file.storyboard; name = Base; path = Base.lproj/LaunchScreen.storyboard; sourceTree = "<group>"; };
		45ACE5902855B5C000B59DB1 /* Info.plist */ = {isa = PBXFileReference; lastKnownFileType = text.plist.xml; path = Info.plist; sourceTree = "<group>"; };
		87E4CA61C3669E4E8A7140C4 /* Pods_MyAddmobTest.framework */ = {isa = PBXFileReference; explicitFileType = wrapper.framework; includeInIndex = 0; path = Pods_MyAddmobTest.framework; sourceTree = BUILT_PRODUCTS_DIR; };
/* End PBXFileReference section */

/* Begin PBXFrameworksBuildPhase section */
		45ACE57C2855B5BB00B59DB1 /* Frameworks */ = {
			isa = PBXFrameworksBuildPhase;
			buildActionMask = 2147483647;
			files = (
				4DAD02EA3123047E22E13101 /* Pods_MyAddmobTest.framework in Frameworks */,
			);
			runOnlyForDeploymentPostprocessing = 0;
		};
/* End PBXFrameworksBuildPhase section */

/* Begin PBXGroup section */
		45ACE5762855B5BB00B59DB1 = {
			isa = PBXGroup;
			children = (
				45ACE5812855B5BB00B59DB1 /* MyAddmobTest */,
				45ACE5802855B5BB00B59DB1 /* Products */,
				D9FE68F88916DB2D430E2D7B /* Pods */,
				D0AFC6BA22743EA2B45145CA /* Frameworks */,
			);
			sourceTree = "<group>";
		};
		45ACE5802855B5BB00B59DB1 /* Products */ = {
			isa = PBXGroup;
			children = (
				45ACE57F2855B5BB00B59DB1 /* MyAddmobTest.app */,
			);
			name = Products;
			sourceTree = "<group>";
		};
		45ACE5812855B5BB00B59DB1 /* MyAddmobTest */ = {
			isa = PBXGroup;
			children = (
				45ACE5822855B5BB00B59DB1 /* AppDelegate.swift */,
				45ACE5842855B5BB00B59DB1 /* SceneDelegate.swift */,
				45ACE5862855B5BB00B59DB1 /* ViewController.swift */,
				45ACE5882855B5BB00B59DB1 /* Main.storyboard */,
				45ACE58B2855B5C000B59DB1 /* Assets.xcassets */,
				45ACE58D2855B5C000B59DB1 /* LaunchScreen.storyboard */,
				45ACE5902855B5C000B59DB1 /* Info.plist */,
			);
			path = MyAddmobTest;
			sourceTree = "<group>";
		};
		D0AFC6BA22743EA2B45145CA /* Frameworks */ = {
			isa = PBXGroup;
			children = (
				87E4CA61C3669E4E8A7140C4 /* Pods_MyAddmobTest.framework */,
			);
			name = Frameworks;
			sourceTree = "<group>";
		};
		D9FE68F88916DB2D430E2D7B /* Pods */ = {
			isa = PBXGroup;
			children = (
				0F21005043A7A6508EFE54C9 /* Pods-MyAddmobTest.debug.xcconfig */,
				273E8464D6B0BD9C41B53B84 /* Pods-MyAddmobTest.release.xcconfig */,
			);
			name = Pods;
			path = Pods;
			sourceTree = "<group>";
		};
/* End PBXGroup section */

/* Begin PBXNativeTarget section */
		45ACE57E2855B5BB00B59DB1 /* MyAddmobTest */ = {
			isa = PBXNativeTarget;
			buildConfigurationList = 45ACE5932855B5C000B59DB1 /* Build configuration list for PBXNativeTarget "MyAddmobTest" */;
			buildPhases = (
				A078AF42023454444FF72F42 /* [CP] Check Pods Manifest.lock */,
				45ACE57B2855B5BB00B59DB1 /* Sources */,
				45ACE57C2855B5BB00B59DB1 /* Frameworks */,
				45ACE57D2855B5BB00B59DB1 /* Resources */,
				9A691B42AA6180E8E9AA9FE7 /* [CP] Embed Pods Frameworks */,
			);
			buildRules = (
			);
			dependencies = (
			);
			name = MyAddmobTest;
			productName = MyAddmobTest;
			productReference = 45ACE57F2855B5BB00B59DB1 /* MyAddmobTest.app */;
			productType = "com.apple.product-type.application";
		};
/* End PBXNativeTarget section */

/* Begin PBXProject section */
		45ACE5772855B5BB00B59DB1 /* Project object */ = {
			isa = PBXProject;
			attributes = {
				BuildIndependentTargetsInParallel = 1;
				LastSwiftUpdateCheck = 1340;
				LastUpgradeCheck = 1340;
				TargetAttributes = {
					45ACE57E2855B5BB00B59DB1 = {
						CreatedOnToolsVersion = 13.4.1;
					};
				};
			};
			buildConfigurationList = 45ACE57A2855B5BB00B59DB1 /* Build configuration list for PBXProject "MyAddmobTest" */;
			compatibilityVersion = "Xcode 13.0";
			developmentRegion = en;
			hasScannedForEncodings = 0;
			knownRegions = (
				en,
				Base,
			);
			mainGroup = 45ACE5762855B5BB00B59DB1;
			productRefGroup = 45ACE5802855B5BB00B59DB1 /* Products */;
			projectDirPath = "";
			projectRoot = "";
			targets = (
				45ACE57E2855B5BB00B59DB1 /* MyAddmobTest */,
			);
		};
/* End PBXProject section */

/* Begin PBXResourcesBuildPhase section */
		45ACE57D2855B5BB00B59DB1 /* Resources */ = {
			isa = PBXResourcesBuildPhase;
			buildActionMask = 2147483647;
			files = (
				45ACE58F2855B5C000B59DB1 /* LaunchScreen.storyboard in Resources */,
				45ACE58C2855B5C000B59DB1 /* Assets.xcassets in Resources */,
				45ACE58A2855B5BB00B59DB1 /* Main.storyboard in Resources */,
			);
			runOnlyForDeploymentPostprocessing = 0;
		};
/* End PBXResourcesBuildPhase section */

/* Begin PBXShellScriptBuildPhase section */
		9A691B42AA6180E8E9AA9FE7 /* [CP] Embed Pods Frameworks */ = {
			isa = PBXShellScriptBuildPhase;
			buildActionMask = 2147483647;
			files = (
			);
			inputFileListPaths = (
				"${PODS_ROOT}/Target Support Files/Pods-MyAddmobTest/Pods-MyAddmobTest-frameworks-${CONFIGURATION}-input-files.xcfilelist",
			);
			name = "[CP] Embed Pods Frameworks";
			outputFileListPaths = (
				"${PODS_ROOT}/Target Support Files/Pods-MyAddmobTest/Pods-MyAddmobTest-frameworks-${CONFIGURATION}-output-files.xcfilelist",
			);
			runOnlyForDeploymentPostprocessing = 0;
			shellPath = /bin/sh;
			shellScript = "\"${PODS_ROOT}/Target Support Files/Pods-MyAddmobTest/Pods-MyAddmobTest-frameworks.sh\"\n";
			showEnvVarsInLog = 0;
		};
		A078AF42023454444FF72F42 /* [CP] Check Pods Manifest.lock */ = {
			isa = PBXShellScriptBuildPhase;
			buildActionMask = 2147483647;
			files = (
			);
			inputFileListPaths = (
			);
			inputPaths = (
				"${PODS_PODFILE_DIR_PATH}/Podfile.lock",
				"${PODS_ROOT}/Manifest.lock",
			);
			name = "[CP] Check Pods Manifest.lock";
			outputFileListPaths = (
			);
			outputPaths = (
				"$(DERIVED_FILE_DIR)/Pods-MyAddmobTest-checkManifestLockResult.txt",
			);
			runOnlyForDeploymentPostprocessing = 0;
			shellPath = /bin/sh;
			shellScript = "diff \"${PODS_PODFILE_DIR_PATH}/Podfile.lock\" \"${PODS_ROOT}/Manifest.lock\" > /dev/null\nif [ $? != 0 ] ; then\n    # print error to STDERR\n    echo \"error: The sandbox is not in sync with the Podfile.lock. Run 'pod install' or update your CocoaPods installation.\" >&2\n    exit 1\nfi\n# This output is used by Xcode 'outputs' to avoid re-running this script phase.\necho \"SUCCESS\" > \"${SCRIPT_OUTPUT_FILE_0}\"\n";
			showEnvVarsInLog = 0;
		};
/* End PBXShellScriptBuildPhase section */

/* Begin PBXSourcesBuildPhase section */
		45ACE57B2855B5BB00B59DB1 /* Sources */ = {
			isa = PBXSourcesBuildPhase;
			buildActionMask = 2147483647;
			files = (
				45ACE5872855B5BB00B59DB1 /* ViewController.swift in Sources */,
				45ACE5832855B5BB00B59DB1 /* AppDelegate.swift in Sources */,
				45ACE5852855B5BB00B59DB1 /* SceneDelegate.swift in Sources */,
			);
			runOnlyForDeploymentPostprocessing = 0;
		};
/* End PBXSourcesBuildPhase section */

/* Begin PBXVariantGroup section */
		45ACE5882855B5BB00B59DB1 /* Main.storyboard */ = {
			isa = PBXVariantGroup;
			children = (
				45ACE5892855B5BB00B59DB1 /* Base */,
			);
			name = Main.storyboard;
			sourceTree = "<group>";
		};
		45ACE58D2855B5C000B59DB1 /* LaunchScreen.storyboard */ = {
			isa = PBXVariantGroup;
			children = (
				45ACE58E2855B5C000B59DB1 /* Base */,
			);
			name = LaunchScreen.storyboard;
			sourceTree = "<group>";
		};
/* End PBXVariantGroup section */

/* Begin XCBuildConfiguration section */
		45ACE5912855B5C000B59DB1 /* Debug */ = {
			isa = XCBuildConfiguration;
			buildSettings = {
				ALWAYS_SEARCH_USER_PATHS = NO;
				CLANG_ANALYZER_NONNULL = YES;
				CLANG_ANALYZER_NUMBER_OBJECT_CONVERSION = YES_AGGRESSIVE;
				CLANG_CXX_LANGUAGE_STANDARD = "gnu++17";
				CLANG_ENABLE_MODULES = YES;
				CLANG_ENABLE_OBJC_ARC = YES;
				CLANG_ENABLE_OBJC_WEAK = YES;
				CLANG_WARN_BLOCK_CAPTURE_AUTORELEASING = YES;
				CLANG_WARN_BOOL_CONVERSION = YES;
				CLANG_WARN_COMMA = YES;
				CLANG_WARN_CONSTANT_CONVERSION = YES;
				CLANG_WARN_DEPRECATED_OBJC_IMPLEMENTATIONS = YES;
				CLANG_WARN_DIRECT_OBJC_ISA_USAGE = YES_ERROR;
				CLANG_WARN_DOCUMENTATION_COMMENTS = YES;
				CLANG_WARN_EMPTY_BODY = YES;
				CLANG_WARN_ENUM_CONVERSION = YES;
				CLANG_WARN_INFINITE_RECURSION = YES;
				CLANG_WARN_INT_CONVERSION = YES;
				CLANG_WARN_NON_LITERAL_NULL_CONVERSION = YES;
				CLANG_WARN_OBJC_IMPLICIT_RETAIN_SELF = YES;
				CLANG_WARN_OBJC_LITERAL_CONVERSION = YES;
				CLANG_WARN_OBJC_ROOT_CLASS = YES_ERROR;
				CLANG_WARN_QUOTED_INCLUDE_IN_FRAMEWORK_HEADER = YES;
				CLANG_WARN_RANGE_LOOP_ANALYSIS = YES;
				CLANG_WARN_STRICT_PROTOTYPES = YES;
				CLANG_WARN_SUSPICIOUS_MOVE = YES;
				CLANG_WARN_UNGUARDED_AVAILABILITY = YES_AGGRESSIVE;
				CLANG_WARN_UNREACHABLE_CODE = YES;
				CLANG_WARN__DUPLICATE_METHOD_MATCH = YES;
				COPY_PHASE_STRIP = NO;
				DEBUG_INFORMATION_FORMAT = dwarf;
				ENABLE_STRICT_OBJC_MSGSEND = YES;
				ENABLE_TESTABILITY = YES;
				GCC_C_LANGUAGE_STANDARD = gnu11;
				GCC_DYNAMIC_NO_PIC = NO;
				GCC_NO_COMMON_BLOCKS = YES;
				GCC_OPTIMIZATION_LEVEL = 0;
				GCC_PREPROCESSOR_DEFINITIONS = (
					"DEBUG=1",
					"$(inherited)",
				);
				GCC_WARN_64_TO_32_BIT_CONVERSION = YES;
				GCC_WARN_ABOUT_RETURN_TYPE = YES_ERROR;
				GCC_WARN_UNDECLARED_SELECTOR = YES;
				GCC_WARN_UNINITIALIZED_AUTOS = YES_AGGRESSIVE;
				GCC_WARN_UNUSED_FUNCTION = YES;
				GCC_WARN_UNUSED_VARIABLE = YES;
				IPHONEOS_DEPLOYMENT_TARGET = 15.5;
				MTL_ENABLE_DEBUG_INFO = INCLUDE_SOURCE;
				MTL_FAST_MATH = YES;
				ONLY_ACTIVE_ARCH = YES;
				SDKROOT = iphoneos;
				SWIFT_ACTIVE_COMPILATION_CONDITIONS = DEBUG;
				SWIFT_OPTIMIZATION_LEVEL = "-Onone";
			};
			name = Debug;
		};
		45ACE5922855B5C000B59DB1 /* Release */ = {
			isa = XCBuildConfiguration;
			buildSettings = {
				ALWAYS_SEARCH_USER_PATHS = NO;
				CLANG_ANALYZER_NONNULL = YES;
				CLANG_ANALYZER_NUMBER_OBJECT_CONVERSION = YES_AGGRESSIVE;
				CLANG_CXX_LANGUAGE_STANDARD = "gnu++17";
				CLANG_ENABLE_MODULES = YES;
				CLANG_ENABLE_OBJC_ARC = YES;
				CLANG_ENABLE_OBJC_WEAK = YES;
				CLANG_WARN_BLOCK_CAPTURE_AUTORELEASING = YES;
				CLANG_WARN_BOOL_CONVERSION = YES;
				CLANG_WARN_COMMA = YES;
				CLANG_WARN_CONSTANT_CONVERSION = YES;
				CLANG_WARN_DEPRECATED_OBJC_IMPLEMENTATIONS = YES;
				CLANG_WARN_DIRECT_OBJC_ISA_USAGE = YES_ERROR;
				CLANG_WARN_DOCUMENTATION_COMMENTS = YES;
				CLANG_WARN_EMPTY_BODY = YES;
				CLANG_WARN_ENUM_CONVERSION = YES;
				CLANG_WARN_INFINITE_RECURSION = YES;
				CLANG_WARN_INT_CONVERSION = YES;
				CLANG_WARN_NON_LITERAL_NULL_CONVERSION = YES;
				CLANG_WARN_OBJC_IMPLICIT_RETAIN_SELF = YES;
				CLANG_WARN_OBJC_LITERAL_CONVERSION = YES;
				CLANG_WARN_OBJC_ROOT_CLASS = YES_ERROR;
				CLANG_WARN_QUOTED_INCLUDE_IN_FRAMEWORK_HEADER = YES;
				CLANG_WARN_RANGE_LOOP_ANALYSIS = YES;
				CLANG_WARN_STRICT_PROTOTYPES = YES;
				CLANG_WARN_SUSPICIOUS_MOVE = YES;
				CLANG_WARN_UNGUARDED_AVAILABILITY = YES_AGGRESSIVE;
				CLANG_WARN_UNREACHABLE_CODE = YES;
				CLANG_WARN__DUPLICATE_METHOD_MATCH = YES;
				COPY_PHASE_STRIP = NO;
				DEBUG_INFORMATION_FORMAT = "dwarf-with-dsym";
				ENABLE_NS_ASSERTIONS = NO;
				ENABLE_STRICT_OBJC_MSGSEND = YES;
				GCC_C_LANGUAGE_STANDARD = gnu11;
				GCC_NO_COMMON_BLOCKS = YES;
				GCC_WARN_64_TO_32_BIT_CONVERSION = YES;
				GCC_WARN_ABOUT_RETURN_TYPE = YES_ERROR;
				GCC_WARN_UNDECLARED_SELECTOR = YES;
				GCC_WARN_UNINITIALIZED_AUTOS = YES_AGGRESSIVE;
				GCC_WARN_UNUSED_FUNCTION = YES;
				GCC_WARN_UNUSED_VARIABLE = YES;
				IPHONEOS_DEPLOYMENT_TARGET = 15.5;
				MTL_ENABLE_DEBUG_INFO = NO;
				MTL_FAST_MATH = YES;
				SDKROOT = iphoneos;
				SWIFT_COMPILATION_MODE = wholemodule;
				SWIFT_OPTIMIZATION_LEVEL = "-O";
				VALIDATE_PRODUCT = YES;
			};
			name = Release;
		};
		45ACE5942855B5C000B59DB1 /* Debug */ = {
			isa = XCBuildConfiguration;
			baseConfigurationReference = 0F21005043A7A6508EFE54C9 /* Pods-MyAddmobTest.debug.xcconfig */;
			buildSettings = {
				ASSETCATALOG_COMPILER_APPICON_NAME = AppIcon;
				ASSETCATALOG_COMPILER_GLOBAL_ACCENT_COLOR_NAME = AccentColor;
				CODE_SIGN_STYLE = Automatic;
				CURRENT_PROJECT_VERSION = 1;
				GENERATE_INFOPLIST_FILE = YES;
				INFOPLIST_FILE = MyAddmobTest/Info.plist;
				INFOPLIST_KEY_UIApplicationSupportsIndirectInputEvents = YES;
				INFOPLIST_KEY_UILaunchStoryboardName = LaunchScreen;
				INFOPLIST_KEY_UIMainStoryboardFile = Main;
				INFOPLIST_KEY_UISupportedInterfaceOrientations = "UIInterfaceOrientationPortrait UIInterfaceOrientationLandscapeLeft UIInterfaceOrientationLandscapeRight";
				INFOPLIST_KEY_UISupportedInterfaceOrientations_iPad = "UIInterfaceOrientationPortrait UIInterfaceOrientationPortraitUpsideDown UIInterfaceOrientationLandscapeLeft UIInterfaceOrientationLandscapeRight";
				INFOPLIST_KEY_UISupportedInterfaceOrientations_iPhone = "UIInterfaceOrientationPortrait UIInterfaceOrientationLandscapeLeft UIInterfaceOrientationLandscapeRight";
				LD_RUNPATH_SEARCH_PATHS = (
					"$(inherited)",
					"@executable_path/Frameworks",
				);
				MARKETING_VERSION = 1.0;
				PRODUCT_BUNDLE_IDENTIFIER = com.mine.MyAddmobTest;
				PRODUCT_NAME = "$(TARGET_NAME)";
				SWIFT_EMIT_LOC_STRINGS = YES;
				SWIFT_VERSION = 5.0;
				TARGETED_DEVICE_FAMILY = "1,2";
			};
			name = Debug;
		};
		45ACE5952855B5C000B59DB1 /* Release */ = {
			isa = XCBuildConfiguration;
			baseConfigurationReference = 273E8464D6B0BD9C41B53B84 /* Pods-MyAddmobTest.release.xcconfig */;
			buildSettings = {
				ASSETCATALOG_COMPILER_APPICON_NAME = AppIcon;
				ASSETCATALOG_COMPILER_GLOBAL_ACCENT_COLOR_NAME = AccentColor;
				CODE_SIGN_STYLE = Automatic;
				CURRENT_PROJECT_VERSION = 1;
				GENERATE_INFOPLIST_FILE = YES;
				INFOPLIST_FILE = MyAddmobTest/Info.plist;
				INFOPLIST_KEY_UIApplicationSupportsIndirectInputEvents = YES;
				INFOPLIST_KEY_UILaunchStoryboardName = LaunchScreen;
				INFOPLIST_KEY_UIMainStoryboardFile = Main;
				INFOPLIST_KEY_UISupportedInterfaceOrientations = "UIInterfaceOrientationPortrait UIInterfaceOrientationLandscapeLeft UIInterfaceOrientationLandscapeRight";
				INFOPLIST_KEY_UISupportedInterfaceOrientations_iPad = "UIInterfaceOrientationPortrait UIInterfaceOrientationPortraitUpsideDown UIInterfaceOrientationLandscapeLeft UIInterfaceOrientationLandscapeRight";
				INFOPLIST_KEY_UISupportedInterfaceOrientations_iPhone = "UIInterfaceOrientationPortrait UIInterfaceOrientationLandscapeLeft UIInterfaceOrientationLandscapeRight";
				LD_RUNPATH_SEARCH_PATHS = (
					"$(inherited)",
					"@executable_path/Frameworks",
				);
				MARKETING_VERSION = 1.0;
				PRODUCT_BUNDLE_IDENTIFIER = com.mine.MyAddmobTest;
				PRODUCT_NAME = "$(TARGET_NAME)";
				SWIFT_EMIT_LOC_STRINGS = YES;
				SWIFT_VERSION = 5.0;
				TARGETED_DEVICE_FAMILY = "1,2";
			};
			name = Release;
		};
/* End XCBuildConfiguration section */

/* Begin XCConfigurationList section */
		45ACE57A2855B5BB00B59DB1 /* Build configuration list for PBXProject "MyAddmobTest" */ = {
			isa = XCConfigurationList;
			buildConfigurations = (
				45ACE5912855B5C000B59DB1 /* Debug */,
				45ACE5922855B5C000B59DB1 /* Release */,
			);
			defaultConfigurationIsVisible = 0;
			defaultConfigurationName = Release;
		};
		45ACE5932855B5C000B59DB1 /* Build configuration list for PBXNativeTarget "MyAddmobTest" */ = {
			isa = XCConfigurationList;
			buildConfigurations = (
				45ACE5942855B5C000B59DB1 /* Debug */,
				45ACE5952855B5C000B59DB1 /* Release */,
			);
			defaultConfigurationIsVisible = 0;
			defaultConfigurationName = Release;
		};
/* End XCConfigurationList section */
	};
	rootObject = 45ACE5772855B5BB00B59DB1 /* Project object */;
}
