// !$*UTF8*$!
{
	archiveVersion = 1;
	classes = {
	};
	objectVersion = 55;
	objects = {

/* Begin PBXBuildFile section */
		450572042843377A003EEE59 /* AppDelegate.swift in Sources */ = {isa = PBXBuildFile; fileRef = 450572032843377A003EEE59 /* AppDelegate.swift */; };
		450572062843377A003EEE59 /* SceneDelegate.swift in Sources */ = {isa = PBXBuildFile; fileRef = 450572052843377A003EEE59 /* SceneDelegate.swift */; };
		450572082843377A003EEE59 /* MainViewController.swift in Sources */ = {isa = PBXBuildFile; fileRef = 450572072843377A003EEE59 /* MainViewController.swift */; };
		4505720B2843377A003EEE59 /* Main.storyboard in Resources */ = {isa = PBXBuildFile; fileRef = 450572092843377A003EEE59 /* Main.storyboard */; };
		4505720D2843377B003EEE59 /* Assets.xcassets in Resources */ = {isa = PBXBuildFile; fileRef = 4505720C2843377B003EEE59 /* Assets.xcassets */; };
		450572102843377B003EEE59 /* LaunchScreen.storyboard in Resources */ = {isa = PBXBuildFile; fileRef = 4505720E2843377B003EEE59 /* LaunchScreen.storyboard */; };
		4505721928433A5E003EEE59 /* WebKit.framework in Frameworks */ = {isa = PBXBuildFile; fileRef = 4505721828433A5E003EEE59 /* WebKit.framework */; };
		A050B8ACB185F0FA5872EE9A /* Pods_QRCodeTutorial_Swift.framework in Frameworks */ = {isa = PBXBuildFile; fileRef = 52831B5CF150333DB6C71230 /* Pods_QRCodeTutorial_Swift.framework */; };
/* End PBXBuildFile section */

/* Begin PBXFileReference section */
		1B8D7CAF7C420998D5187272 /* Pods-QRCodeTutorial_Swift.debug.xcconfig */ = {isa = PBXFileReference; includeInIndex = 1; lastKnownFileType = text.xcconfig; name = "Pods-QRCodeTutorial_Swift.debug.xcconfig"; path = "Target Support Files/Pods-QRCodeTutorial_Swift/Pods-QRCodeTutorial_Swift.debug.xcconfig"; sourceTree = "<group>"; };
		450572002843377A003EEE59 /* QRCodeTutorial_Swift.app */ = {isa = PBXFileReference; explicitFileType = wrapper.application; includeInIndex = 0; path = QRCodeTutorial_Swift.app; sourceTree = BUILT_PRODUCTS_DIR; };
		450572032843377A003EEE59 /* AppDelegate.swift */ = {isa = PBXFileReference; lastKnownFileType = sourcecode.swift; path = AppDelegate.swift; sourceTree = "<group>"; };
		450572052843377A003EEE59 /* SceneDelegate.swift */ = {isa = PBXFileReference; lastKnownFileType = sourcecode.swift; path = SceneDelegate.swift; sourceTree = "<group>"; };
		450572072843377A003EEE59 /* MainViewController.swift */ = {isa = PBXFileReference; lastKnownFileType = sourcecode.swift; path = MainViewController.swift; sourceTree = "<group>"; };
		4505720A2843377A003EEE59 /* Base */ = {isa = PBXFileReference; lastKnownFileType = file.storyboard; name = Base; path = Base.lproj/Main.storyboard; sourceTree = "<group>"; };
		4505720C2843377B003EEE59 /* Assets.xcassets */ = {isa = PBXFileReference; lastKnownFileType = folder.assetcatalog; path = Assets.xcassets; sourceTree = "<group>"; };
		4505720F2843377B003EEE59 /* Base */ = {isa = PBXFileReference; lastKnownFileType = file.storyboard; name = Base; path = Base.lproj/LaunchScreen.storyboard; sourceTree = "<group>"; };
		450572112843377B003EEE59 /* Info.plist */ = {isa = PBXFileReference; lastKnownFileType = text.plist.xml; path = Info.plist; sourceTree = "<group>"; };
		4505721828433A5E003EEE59 /* WebKit.framework */ = {isa = PBXFileReference; lastKnownFileType = wrapper.framework; name = WebKit.framework; path = System/Library/Frameworks/WebKit.framework; sourceTree = SDKROOT; };
		52831B5CF150333DB6C71230 /* Pods_QRCodeTutorial_Swift.framework */ = {isa = PBXFileReference; explicitFileType = wrapper.framework; includeInIndex = 0; path = Pods_QRCodeTutorial_Swift.framework; sourceTree = BUILT_PRODUCTS_DIR; };
		F5E1464EC636E027E0134138 /* Pods-QRCodeTutorial_Swift.release.xcconfig */ = {isa = PBXFileReference; includeInIndex = 1; lastKnownFileType = text.xcconfig; name = "Pods-QRCodeTutorial_Swift.release.xcconfig"; path = "Target Support Files/Pods-QRCodeTutorial_Swift/Pods-QRCodeTutorial_Swift.release.xcconfig"; sourceTree = "<group>"; };
/* End PBXFileReference section */

/* Begin PBXFrameworksBuildPhase section */
		450571FD2843377A003EEE59 /* Frameworks */ = {
			isa = PBXFrameworksBuildPhase;
			buildActionMask = 2147483647;
			files = (
				4505721928433A5E003EEE59 /* WebKit.framework in Frameworks */,
				A050B8ACB185F0FA5872EE9A /* Pods_QRCodeTutorial_Swift.framework in Frameworks */,
			);
			runOnlyForDeploymentPostprocessing = 0;
		};
/* End PBXFrameworksBuildPhase section */

/* Begin PBXGroup section */
		450571F72843377A003EEE59 = {
			isa = PBXGroup;
			children = (
				450572022843377A003EEE59 /* QRCodeTutorial_Swift */,
				450572012843377A003EEE59 /* Products */,
				4505721728433A5E003EEE59 /* Frameworks */,
				EE06F81BCD46899DC799D337 /* Pods */,
			);
			sourceTree = "<group>";
		};
		450572012843377A003EEE59 /* Products */ = {
			isa = PBXGroup;
			children = (
				450572002843377A003EEE59 /* QRCodeTutorial_Swift.app */,
			);
			name = Products;
			sourceTree = "<group>";
		};
		450572022843377A003EEE59 /* QRCodeTutorial_Swift */ = {
			isa = PBXGroup;
			children = (
				450572032843377A003EEE59 /* AppDelegate.swift */,
				450572052843377A003EEE59 /* SceneDelegate.swift */,
				450572072843377A003EEE59 /* MainViewController.swift */,
				450572092843377A003EEE59 /* Main.storyboard */,
				4505720C2843377B003EEE59 /* Assets.xcassets */,
				4505720E2843377B003EEE59 /* LaunchScreen.storyboard */,
				450572112843377B003EEE59 /* Info.plist */,
			);
			path = QRCodeTutorial_Swift;
			sourceTree = "<group>";
		};
		4505721728433A5E003EEE59 /* Frameworks */ = {
			isa = PBXGroup;
			children = (
				4505721828433A5E003EEE59 /* WebKit.framework */,
				52831B5CF150333DB6C71230 /* Pods_QRCodeTutorial_Swift.framework */,
			);
			name = Frameworks;
			sourceTree = "<group>";
		};
		EE06F81BCD46899DC799D337 /* Pods */ = {
			isa = PBXGroup;
			children = (
				1B8D7CAF7C420998D5187272 /* Pods-QRCodeTutorial_Swift.debug.xcconfig */,
				F5E1464EC636E027E0134138 /* Pods-QRCodeTutorial_Swift.release.xcconfig */,
			);
			name = Pods;
			path = Pods;
			sourceTree = "<group>";
		};
/* End PBXGroup section */

/* Begin PBXNativeTarget section */
		450571FF2843377A003EEE59 /* QRCodeTutorial_Swift */ = {
			isa = PBXNativeTarget;
			buildConfigurationList = 450572142843377B003EEE59 /* Build configuration list for PBXNativeTarget "QRCodeTutorial_Swift" */;
			buildPhases = (
				483E9F541A1A764D92B95FF9 /* [CP] Check Pods Manifest.lock */,
				450571FC2843377A003EEE59 /* Sources */,
				450571FD2843377A003EEE59 /* Frameworks */,
				450571FE2843377A003EEE59 /* Resources */,
				BFE3F443DC0106F88E4BBDF3 /* [CP] Embed Pods Frameworks */,
			);
			buildRules = (
			);
			dependencies = (
			);
			name = QRCodeTutorial_Swift;
			productName = QRCodeTutorial_Swift;
			productReference = 450572002843377A003EEE59 /* QRCodeTutorial_Swift.app */;
			productType = "com.apple.product-type.application";
		};
/* End PBXNativeTarget section */

/* Begin PBXProject section */
		450571F82843377A003EEE59 /* Project object */ = {
			isa = PBXProject;
			attributes = {
				BuildIndependentTargetsInParallel = 1;
				LastSwiftUpdateCheck = 1340;
				LastUpgradeCheck = 1340;
				TargetAttributes = {
					450571FF2843377A003EEE59 = {
						CreatedOnToolsVersion = 13.4;
					};
				};
			};
			buildConfigurationList = 450571FB2843377A003EEE59 /* Build configuration list for PBXProject "QRCodeTutorial_Swift" */;
			compatibilityVersion = "Xcode 13.0";
			developmentRegion = en;
			hasScannedForEncodings = 0;
			knownRegions = (
				en,
				Base,
			);
			mainGroup = 450571F72843377A003EEE59;
			productRefGroup = 450572012843377A003EEE59 /* Products */;
			projectDirPath = "";
			projectRoot = "";
			targets = (
				450571FF2843377A003EEE59 /* QRCodeTutorial_Swift */,
			);
		};
/* End PBXProject section */

/* Begin PBXResourcesBuildPhase section */
		450571FE2843377A003EEE59 /* Resources */ = {
			isa = PBXResourcesBuildPhase;
			buildActionMask = 2147483647;
			files = (
				450572102843377B003EEE59 /* LaunchScreen.storyboard in Resources */,
				4505720D2843377B003EEE59 /* Assets.xcassets in Resources */,
				4505720B2843377A003EEE59 /* Main.storyboard in Resources */,
			);
			runOnlyForDeploymentPostprocessing = 0;
		};
/* End PBXResourcesBuildPhase section */

/* Begin PBXShellScriptBuildPhase section */
		483E9F541A1A764D92B95FF9 /* [CP] Check Pods Manifest.lock */ = {
			isa = PBXShellScriptBuildPhase;
			buildActionMask = 2147483647;
			files = (
			);
			inputFileListPaths = (
			);
			inputPaths = (
				"${PODS_PODFILE_DIR_PATH}/Podfile.lock",
				"${PODS_ROOT}/Manifest.lock",
			);
			name = "[CP] Check Pods Manifest.lock";
			outputFileListPaths = (
			);
			outputPaths = (
				"$(DERIVED_FILE_DIR)/Pods-QRCodeTutorial_Swift-checkManifestLockResult.txt",
			);
			runOnlyForDeploymentPostprocessing = 0;
			shellPath = /bin/sh;
			shellScript = "diff \"${PODS_PODFILE_DIR_PATH}/Podfile.lock\" \"${PODS_ROOT}/Manifest.lock\" > /dev/null\nif [ $? != 0 ] ; then\n    # print error to STDERR\n    echo \"error: The sandbox is not in sync with the Podfile.lock. Run 'pod install' or update your CocoaPods installation.\" >&2\n    exit 1\nfi\n# This output is used by Xcode 'outputs' to avoid re-running this script phase.\necho \"SUCCESS\" > \"${SCRIPT_OUTPUT_FILE_0}\"\n";
			showEnvVarsInLog = 0;
		};
		BFE3F443DC0106F88E4BBDF3 /* [CP] Embed Pods Frameworks */ = {
			isa = PBXShellScriptBuildPhase;
			buildActionMask = 2147483647;
			files = (
			);
			inputFileListPaths = (
				"${PODS_ROOT}/Target Support Files/Pods-QRCodeTutorial_Swift/Pods-QRCodeTutorial_Swift-frameworks-${CONFIGURATION}-input-files.xcfilelist",
			);
			name = "[CP] Embed Pods Frameworks";
			outputFileListPaths = (
				"${PODS_ROOT}/Target Support Files/Pods-QRCodeTutorial_Swift/Pods-QRCodeTutorial_Swift-frameworks-${CONFIGURATION}-output-files.xcfilelist",
			);
			runOnlyForDeploymentPostprocessing = 0;
			shellPath = /bin/sh;
			shellScript = "\"${PODS_ROOT}/Target Support Files/Pods-QRCodeTutorial_Swift/Pods-QRCodeTutorial_Swift-frameworks.sh\"\n";
			showEnvVarsInLog = 0;
		};
/* End PBXShellScriptBuildPhase section */

/* Begin PBXSourcesBuildPhase section */
		450571FC2843377A003EEE59 /* Sources */ = {
			isa = PBXSourcesBuildPhase;
			buildActionMask = 2147483647;
			files = (
				450572082843377A003EEE59 /* MainViewController.swift in Sources */,
				450572042843377A003EEE59 /* AppDelegate.swift in Sources */,
				450572062843377A003EEE59 /* SceneDelegate.swift in Sources */,
			);
			runOnlyForDeploymentPostprocessing = 0;
		};
/* End PBXSourcesBuildPhase section */

/* Begin PBXVariantGroup section */
		450572092843377A003EEE59 /* Main.storyboard */ = {
			isa = PBXVariantGroup;
			children = (
				4505720A2843377A003EEE59 /* Base */,
			);
			name = Main.storyboard;
			sourceTree = "<group>";
		};
		4505720E2843377B003EEE59 /* LaunchScreen.storyboard */ = {
			isa = PBXVariantGroup;
			children = (
				4505720F2843377B003EEE59 /* Base */,
			);
			name = LaunchScreen.storyboard;
			sourceTree = "<group>";
		};
/* End PBXVariantGroup section */

/* Begin XCBuildConfiguration section */
		450572122843377B003EEE59 /* Debug */ = {
			isa = XCBuildConfiguration;
			buildSettings = {
				ALWAYS_SEARCH_USER_PATHS = NO;
				CLANG_ANALYZER_NONNULL = YES;
				CLANG_ANALYZER_NUMBER_OBJECT_CONVERSION = YES_AGGRESSIVE;
				CLANG_CXX_LANGUAGE_STANDARD = "gnu++17";
				CLANG_ENABLE_MODULES = YES;
				CLANG_ENABLE_OBJC_ARC = YES;
				CLANG_ENABLE_OBJC_WEAK = YES;
				CLANG_WARN_BLOCK_CAPTURE_AUTORELEASING = YES;
				CLANG_WARN_BOOL_CONVERSION = YES;
				CLANG_WARN_COMMA = YES;
				CLANG_WARN_CONSTANT_CONVERSION = YES;
				CLANG_WARN_DEPRECATED_OBJC_IMPLEMENTATIONS = YES;
				CLANG_WARN_DIRECT_OBJC_ISA_USAGE = YES_ERROR;
				CLANG_WARN_DOCUMENTATION_COMMENTS = YES;
				CLANG_WARN_EMPTY_BODY = YES;
				CLANG_WARN_ENUM_CONVERSION = YES;
				CLANG_WARN_INFINITE_RECURSION = YES;
				CLANG_WARN_INT_CONVERSION = YES;
				CLANG_WARN_NON_LITERAL_NULL_CONVERSION = YES;
				CLANG_WARN_OBJC_IMPLICIT_RETAIN_SELF = YES;
				CLANG_WARN_OBJC_LITERAL_CONVERSION = YES;
				CLANG_WARN_OBJC_ROOT_CLASS = YES_ERROR;
				CLANG_WARN_QUOTED_INCLUDE_IN_FRAMEWORK_HEADER = YES;
				CLANG_WARN_RANGE_LOOP_ANALYSIS = YES;
				CLANG_WARN_STRICT_PROTOTYPES = YES;
				CLANG_WARN_SUSPICIOUS_MOVE = YES;
				CLANG_WARN_UNGUARDED_AVAILABILITY = YES_AGGRESSIVE;
				CLANG_WARN_UNREACHABLE_CODE = YES;
				CLANG_WARN__DUPLICATE_METHOD_MATCH = YES;
				COPY_PHASE_STRIP = NO;
				DEBUG_INFORMATION_FORMAT = dwarf;
				ENABLE_STRICT_OBJC_MSGSEND = YES;
				ENABLE_TESTABILITY = YES;
				GCC_C_LANGUAGE_STANDARD = gnu11;
				GCC_DYNAMIC_NO_PIC = NO;
				GCC_NO_COMMON_BLOCKS = YES;
				GCC_OPTIMIZATION_LEVEL = 0;
				GCC_PREPROCESSOR_DEFINITIONS = (
					"DEBUG=1",
					"$(inherited)",
				);
				GCC_WARN_64_TO_32_BIT_CONVERSION = YES;
				GCC_WARN_ABOUT_RETURN_TYPE = YES_ERROR;
				GCC_WARN_UNDECLARED_SELECTOR = YES;
				GCC_WARN_UNINITIALIZED_AUTOS = YES_AGGRESSIVE;
				GCC_WARN_UNUSED_FUNCTION = YES;
				GCC_WARN_UNUSED_VARIABLE = YES;
				IPHONEOS_DEPLOYMENT_TARGET = 15.5;
				MTL_ENABLE_DEBUG_INFO = INCLUDE_SOURCE;
				MTL_FAST_MATH = YES;
				ONLY_ACTIVE_ARCH = YES;
				SDKROOT = iphoneos;
				SWIFT_ACTIVE_COMPILATION_CONDITIONS = DEBUG;
				SWIFT_OPTIMIZATION_LEVEL = "-Onone";
			};
			name = Debug;
		};
		450572132843377B003EEE59 /* Release */ = {
			isa = XCBuildConfiguration;
			buildSettings = {
				ALWAYS_SEARCH_USER_PATHS = NO;
				CLANG_ANALYZER_NONNULL = YES;
				CLANG_ANALYZER_NUMBER_OBJECT_CONVERSION = YES_AGGRESSIVE;
				CLANG_CXX_LANGUAGE_STANDARD = "gnu++17";
				CLANG_ENABLE_MODULES = YES;
				CLANG_ENABLE_OBJC_ARC = YES;
				CLANG_ENABLE_OBJC_WEAK = YES;
				CLANG_WARN_BLOCK_CAPTURE_AUTORELEASING = YES;
				CLANG_WARN_BOOL_CONVERSION = YES;
				CLANG_WARN_COMMA = YES;
				CLANG_WARN_CONSTANT_CONVERSION = YES;
				CLANG_WARN_DEPRECATED_OBJC_IMPLEMENTATIONS = YES;
				CLANG_WARN_DIRECT_OBJC_ISA_USAGE = YES_ERROR;
				CLANG_WARN_DOCUMENTATION_COMMENTS = YES;
				CLANG_WARN_EMPTY_BODY = YES;
				CLANG_WARN_ENUM_CONVERSION = YES;
				CLANG_WARN_INFINITE_RECURSION = YES;
				CLANG_WARN_INT_CONVERSION = YES;
				CLANG_WARN_NON_LITERAL_NULL_CONVERSION = YES;
				CLANG_WARN_OBJC_IMPLICIT_RETAIN_SELF = YES;
				CLANG_WARN_OBJC_LITERAL_CONVERSION = YES;
				CLANG_WARN_OBJC_ROOT_CLASS = YES_ERROR;
				CLANG_WARN_QUOTED_INCLUDE_IN_FRAMEWORK_HEADER = YES;
				CLANG_WARN_RANGE_LOOP_ANALYSIS = YES;
				CLANG_WARN_STRICT_PROTOTYPES = YES;
				CLANG_WARN_SUSPICIOUS_MOVE = YES;
				CLANG_WARN_UNGUARDED_AVAILABILITY = YES_AGGRESSIVE;
				CLANG_WARN_UNREACHABLE_CODE = YES;
				CLANG_WARN__DUPLICATE_METHOD_MATCH = YES;
				COPY_PHASE_STRIP = NO;
				DEBUG_INFORMATION_FORMAT = "dwarf-with-dsym";
				ENABLE_NS_ASSERTIONS = NO;
				ENABLE_STRICT_OBJC_MSGSEND = YES;
				GCC_C_LANGUAGE_STANDARD = gnu11;
				GCC_NO_COMMON_BLOCKS = YES;
				GCC_WARN_64_TO_32_BIT_CONVERSION = YES;
				GCC_WARN_ABOUT_RETURN_TYPE = YES_ERROR;
				GCC_WARN_UNDECLARED_SELECTOR = YES;
				GCC_WARN_UNINITIALIZED_AUTOS = YES_AGGRESSIVE;
				GCC_WARN_UNUSED_FUNCTION = YES;
				GCC_WARN_UNUSED_VARIABLE = YES;
				IPHONEOS_DEPLOYMENT_TARGET = 15.5;
				MTL_ENABLE_DEBUG_INFO = NO;
				MTL_FAST_MATH = YES;
				SDKROOT = iphoneos;
				SWIFT_COMPILATION_MODE = wholemodule;
				SWIFT_OPTIMIZATION_LEVEL = "-O";
				VALIDATE_PRODUCT = YES;
			};
			name = Release;
		};
		450572152843377B003EEE59 /* Debug */ = {
			isa = XCBuildConfiguration;
			baseConfigurationReference = 1B8D7CAF7C420998D5187272 /* Pods-QRCodeTutorial_Swift.debug.xcconfig */;
			buildSettings = {
				ASSETCATALOG_COMPILER_APPICON_NAME = AppIcon;
				ASSETCATALOG_COMPILER_GLOBAL_ACCENT_COLOR_NAME = AccentColor;
				CODE_SIGN_STYLE = Automatic;
				CURRENT_PROJECT_VERSION = 1;
				GENERATE_INFOPLIST_FILE = YES;
				INFOPLIST_FILE = QRCodeTutorial_Swift/Info.plist;
				INFOPLIST_KEY_UIApplicationSupportsIndirectInputEvents = YES;
				INFOPLIST_KEY_UILaunchStoryboardName = LaunchScreen;
				INFOPLIST_KEY_UIMainStoryboardFile = Main;
				INFOPLIST_KEY_UISupportedInterfaceOrientations = "UIInterfaceOrientationPortrait UIInterfaceOrientationLandscapeLeft UIInterfaceOrientationLandscapeRight";
				INFOPLIST_KEY_UISupportedInterfaceOrientations_iPad = "UIInterfaceOrientationPortrait UIInterfaceOrientationPortraitUpsideDown UIInterfaceOrientationLandscapeLeft UIInterfaceOrientationLandscapeRight";
				INFOPLIST_KEY_UISupportedInterfaceOrientations_iPhone = "UIInterfaceOrientationPortrait UIInterfaceOrientationLandscapeLeft UIInterfaceOrientationLandscapeRight";
				LD_RUNPATH_SEARCH_PATHS = (
					"$(inherited)",
					"@executable_path/Frameworks",
				);
				MARKETING_VERSION = 1.0;
				PRODUCT_BUNDLE_IDENTIFIER = "com.mine.QRCodeTutorial-Swift";
				PRODUCT_NAME = "$(TARGET_NAME)";
				SWIFT_EMIT_LOC_STRINGS = YES;
				SWIFT_VERSION = 5.0;
				TARGETED_DEVICE_FAMILY = "1,2";
			};
			name = Debug;
		};
		450572162843377B003EEE59 /* Release */ = {
			isa = XCBuildConfiguration;
			baseConfigurationReference = F5E1464EC636E027E0134138 /* Pods-QRCodeTutorial_Swift.release.xcconfig */;
			buildSettings = {
				ASSETCATALOG_COMPILER_APPICON_NAME = AppIcon;
				ASSETCATALOG_COMPILER_GLOBAL_ACCENT_COLOR_NAME = AccentColor;
				CODE_SIGN_STYLE = Automatic;
				CURRENT_PROJECT_VERSION = 1;
				GENERATE_INFOPLIST_FILE = YES;
				INFOPLIST_FILE = QRCodeTutorial_Swift/Info.plist;
				INFOPLIST_KEY_UIApplicationSupportsIndirectInputEvents = YES;
				INFOPLIST_KEY_UILaunchStoryboardName = LaunchScreen;
				INFOPLIST_KEY_UIMainStoryboardFile = Main;
				INFOPLIST_KEY_UISupportedInterfaceOrientations = "UIInterfaceOrientationPortrait UIInterfaceOrientationLandscapeLeft UIInterfaceOrientationLandscapeRight";
				INFOPLIST_KEY_UISupportedInterfaceOrientations_iPad = "UIInterfaceOrientationPortrait UIInterfaceOrientationPortraitUpsideDown UIInterfaceOrientationLandscapeLeft UIInterfaceOrientationLandscapeRight";
				INFOPLIST_KEY_UISupportedInterfaceOrientations_iPhone = "UIInterfaceOrientationPortrait UIInterfaceOrientationLandscapeLeft UIInterfaceOrientationLandscapeRight";
				LD_RUNPATH_SEARCH_PATHS = (
					"$(inherited)",
					"@executable_path/Frameworks",
				);
				MARKETING_VERSION = 1.0;
				PRODUCT_BUNDLE_IDENTIFIER = "com.mine.QRCodeTutorial-Swift";
				PRODUCT_NAME = "$(TARGET_NAME)";
				SWIFT_EMIT_LOC_STRINGS = YES;
				SWIFT_VERSION = 5.0;
				TARGETED_DEVICE_FAMILY = "1,2";
			};
			name = Release;
		};
/* End XCBuildConfiguration section */

/* Begin XCConfigurationList section */
		450571FB2843377A003EEE59 /* Build configuration list for PBXProject "QRCodeTutorial_Swift" */ = {
			isa = XCConfigurationList;
			buildConfigurations = (
				450572122843377B003EEE59 /* Debug */,
				450572132843377B003EEE59 /* Release */,
			);
			defaultConfigurationIsVisible = 0;
			defaultConfigurationName = Release;
		};
		450572142843377B003EEE59 /* Build configuration list for PBXNativeTarget "QRCodeTutorial_Swift" */ = {
			isa = XCConfigurationList;
			buildConfigurations = (
				450572152843377B003EEE59 /* Debug */,
				450572162843377B003EEE59 /* Release */,
			);
			defaultConfigurationIsVisible = 0;
			defaultConfigurationName = Release;
		};
/* End XCConfigurationList section */
	};
	rootObject = 450571F82843377A003EEE59 /* Project object */;
}
